
Microsoft Visual Studio Solution File, Format Version 12.00
# Visual Studio Version 16
VisualStudioVersion = 16.0.31911.196
MinimumVisualStudioVersion = 10.0.40219.1
Project("{FAE04EC0-301F-11D3-BF4B-00C04F79EFBC}") = "Lab4", "Lab4\Lab4.csproj", "{DAF2A50C-0F00-498C-B4F6-1FA2AD5605E3}"
EndProject
Global
	GlobalSection(SolutionConfigurationPlatforms) = preSolution
		Debug|Any CPU = Debug|Any CPU
		Release|Any CPU = Release|Any CPU
	EndGlobalSection
	GlobalSection(ProjectConfigurationPlatforms) = postSolution
		{DAF2A50C-0F00-498C-B4F6-1FA2AD5605E3}.Debug|Any CPU.ActiveCfg = Debug|Any CPU
		{DAF2A50C-0F00-498C-B4F6-1FA2AD5605E3}.Debug|Any CPU.Build.0 = Debug|Any CPU
		{DAF2A50C-0F00-498C-B4F6-1FA2AD5605E3}.Release|Any CPU.ActiveCfg = Release|Any CPU
		{DAF2A50C-0F00-498C-B4F6-1FA2AD5605E3}.Release|Any CPU.Build.0 = Release|Any CPU
	EndGlobalSection
	GlobalSection(SolutionProperties) = preSolution
		HideSolutionNode = FALSE
	EndGlobalSection
	GlobalSection(ExtensibilityGlobals) = postSolution
		SolutionGuid = {5D35D4D2-7FDE-4E68-AC7D-9C8EABFABEFE}
	EndGlobalSection
EndGlobal
